<?xml version="1.0" encoding="utf-8"?>
<Project ToolsVersion="4.0" xmlns="http://schemas.microsoft.com/developer/msbuild/2003">
  <ItemGroup>
    <ClCompile Include="IPlugEffect.cpp" />
    <ClCompile Include="..\..\WDL\IPlug\IPlugVST.cpp">
      <Filter>vst2</Filter>
    </ClCompile>
    <ClCompile Include="StringControl.cpp" />
    <ClCompile Include="src\Settings.cpp" />
    <ClCompile Include="src\SpectralGen.cpp" />
    <ClCompile Include="..\minim-cpp\src\AudioSource.cpp" />
    <ClCompile Include="..\minim-cpp\src\FFT.cpp" />
    <ClCompile Include="..\minim-cpp\src\FourierTransform.cpp" />
    <ClCompile Include="..\minim-cpp\src\Logging.cpp" />
    <ClCompile Include="..\minim-cpp\src\WindowFunction.cpp" />
    <ClCompile Include="..\minim-cpp\src\ugens\BitCrush.cpp" />
    <ClCompile Include="..\minim-cpp\src\ugens\MoogFilter.cpp" />
    <ClCompile Include="..\minim-cpp\src\ugens\TickRate.cpp" />
    <ClCompile Include="..\minim-cpp\src\ugens\UGen.cpp" />
  </ItemGroup>
  <ItemGroup>
    <ClInclude Include="IPlugEffect.h" />
    <ClInclude Include="resource.h" />
    <ClInclude Include="..\..\WDL\IPlug\IPlugVST.h">
      <Filter>vst2</Filter>
    </ClInclude>
    <ClInclude Include="StringControl.h" />
    <ClInclude Include="src\Settings.h" />
    <ClInclude Include="src\SpectralGen.h" />
  </ItemGroup>
  <ItemGroup>
    <ResourceCompile Include="IPlugEffect.rc" />
  </ItemGroup>
  <ItemGroup>
    <Filter Include="vst2">
      <UniqueIdentifier>{ea16de74-9d15-4c60-ba09-d0924088d3e5}</UniqueIdentifier>
    </Filter>
  </ItemGroup>
</Project>