<?xml version="1.0" encoding="utf-8"?>
<Project ToolsVersion="4.0" xmlns="http://schemas.microsoft.com/developer/msbuild/2003">
  <ItemGroup>
    <Filter Include="app">
      <UniqueIdentifier>{6a6c24bd-7110-4436-97af-07990da17abf}</UniqueIdentifier>
    </Filter>
    <Filter Include="app\RtAudioMidi">
      <UniqueIdentifier>{ef87c677-1479-44bc-aef8-7ba960ef233d}</UniqueIdentifier>
    </Filter>
    <Filter Include="app\ASIO_SDK">
      <UniqueIdentifier>{b91b9db4-5584-4959-a395-7394ba3cf5a3}</UniqueIdentifier>
    </Filter>
    <Filter Include="minim">
      <UniqueIdentifier>{8b46aaf2-4d76-4aee-abe9-76ba5337e455}</UniqueIdentifier>
    </Filter>
  </ItemGroup>
  <ItemGroup>
    <ClInclude Include="..\..\WDL\rtaudiomidi\RtAudio.h">
      <Filter>app\RtAudioMidi</Filter>
    </ClInclude>
    <ClInclude Include="..\..\WDL\rtaudiomidi\RtError.h">
      <Filter>app\RtAudioMidi</Filter>
    </ClInclude>
    <ClInclude Include="..\..\WDL\rtaudiomidi\RtMidi.h">
      <Filter>app\RtAudioMidi</Filter>
    </ClInclude>
    <ClInclude Include="..\..\ASIO_SDK\asiosys.h">
      <Filter>app\ASIO_SDK</Filter>
    </ClInclude>
    <ClInclude Include="..\..\ASIO_SDK\ginclude.h">
      <Filter>app\ASIO_SDK</Filter>
    </ClInclude>
    <ClInclude Include="..\..\ASIO_SDK\iasiodrv.h">
      <Filter>app\ASIO_SDK</Filter>
    </ClInclude>
    <ClInclude Include="..\..\ASIO_SDK\asio.h">
      <Filter>app\ASIO_SDK</Filter>
    </ClInclude>
    <ClInclude Include="..\..\ASIO_SDK\asiodrivers.h">
      <Filter>app\ASIO_SDK</Filter>
    </ClInclude>
    <ClInclude Include="..\..\ASIO_SDK\asiolist.h">
      <Filter>app\ASIO_SDK</Filter>
    </ClInclude>
    <ClInclude Include="app_wrapper\app_main.h">
      <Filter>app</Filter>
    </ClInclude>
    <ClInclude Include="resource.h" />
    <ClInclude Include="..\..\WDL\IPlug\IPlugStandalone.h">
      <Filter>app</Filter>
    </ClInclude>
    <ClInclude Include="src\SpectralGen.h" />
    <ClInclude Include="StringControl.h" />
    <ClInclude Include="SpectralHarp.h" />
    <ClInclude Include="SpectrumSelection.h" />
    <ClInclude Include="Controls.h" />
    <ClInclude Include="app_wrapper\app_resource.h">
      <Filter>app</Filter>
    </ClInclude>
    <ClInclude Include="Params.h" />
  </ItemGroup>
  <ItemGroup>
    <ClCompile Include="..\..\WDL\rtaudiomidi\RtAudio.cpp">
      <Filter>app\RtAudioMidi</Filter>
    </ClCompile>
    <ClCompile Include="..\..\WDL\rtaudiomidi\RtMidi.cpp">
      <Filter>app\RtAudioMidi</Filter>
    </ClCompile>
    <ClCompile Include="..\..\ASIO_SDK\asio.cpp">
      <Filter>app\ASIO_SDK</Filter>
    </ClCompile>
    <ClCompile Include="..\..\ASIO_SDK\asiodrivers.cpp">
      <Filter>app\ASIO_SDK</Filter>
    </ClCompile>
    <ClCompile Include="..\..\ASIO_SDK\asiolist.cpp">
      <Filter>app\ASIO_SDK</Filter>
    </ClCompile>
    <ClCompile Include="app_wrapper\app_dialog.cpp">
      <Filter>app</Filter>
    </ClCompile>
    <ClCompile Include="app_wrapper\app_main.cpp">
      <Filter>app</Filter>
    </ClCompile>
    <ClCompile Include="..\..\WDL\IPlug\IPlugStandalone.cpp">
      <Filter>app</Filter>
    </ClCompile>
    <ClCompile Include="src\SpectralGen.cpp" />
    <ClCompile Include="StringControl.cpp" />
    <ClCompile Include="SpectralHarp.cpp" />
    <ClCompile Include="SpectrumSelection.cpp" />
    <ClCompile Include="Controls.cpp" />
    <ClCompile Include="..\minim-cpp\src\AudioSource.cpp">
      <Filter>minim</Filter>
    </ClCompile>
    <ClCompile Include="..\minim-cpp\src\ugens\BitCrush.cpp">
      <Filter>minim</Filter>
    </ClCompile>
    <ClCompile Include="..\minim-cpp\src\FFT.cpp">
      <Filter>minim</Filter>
    </ClCompile>
    <ClCompile Include="..\minim-cpp\src\FourierTransform.cpp">
      <Filter>minim</Filter>
    </ClCompile>
    <ClCompile Include="..\minim-cpp\src\Logging.cpp">
      <Filter>minim</Filter>
    </ClCompile>
    <ClCompile Include="..\minim-cpp\src\ugens\MoogFilter.cpp">
      <Filter>minim</Filter>
    </ClCompile>
    <ClCompile Include="..\minim-cpp\src\ugens\TickRate.cpp">
      <Filter>minim</Filter>
    </ClCompile>
    <ClCompile Include="..\minim-cpp\src\ugens\UGen.cpp">
      <Filter>minim</Filter>
    </ClCompile>
    <ClCompile Include="..\minim-cpp\src\WindowFunction.cpp">
      <Filter>minim</Filter>
    </ClCompile>
  </ItemGroup>
  <ItemGroup>
    <ResourceCompile Include="SpectralHarp.rc" />
  </ItemGroup>
</Project>